// !$*UTF8*$!
{
	archiveVersion = 1;
	classes = {
	};
	objectVersion = 46;
	objects = {

/* Begin PBXBuildFile section */
		9525366215CFC51A0059F9E3 /* Foundation.framework in Frameworks */ = {isa = PBXBuildFile; fileRef = 9525366115CFC51A0059F9E3 /* Foundation.framework */; };
		9525366515CFC51A0059F9E3 /* main.m in Sources */ = {isa = PBXBuildFile; fileRef = 9525366415CFC51A0059F9E3 /* main.m */; };
		9525366915CFC51A0059F9E3 /* TBTypedArrayExample.1 in CopyFiles */ = {isa = PBXBuildFile; fileRef = 9525366815CFC51A0059F9E3 /* TBTypedArrayExample.1 */; };
		9525367A15CFC6260059F9E3 /* TBTypedArray.m in Sources */ = {isa = PBXBuildFile; fileRef = 9525367715CFC5610059F9E3 /* TBTypedArray.m */; };
		9525367B15CFC6280059F9E3 /* TBMutableTypedArray.m in Sources */ = {isa = PBXBuildFile; fileRef = 9525367915CFC5610059F9E3 /* TBMutableTypedArray.m */; };
/* End PBXBuildFile section */

/* Begin PBXCopyFilesBuildPhase section */
		9525365B15CFC51A0059F9E3 /* CopyFiles */ = {
			isa = PBXCopyFilesBuildPhase;
			buildActionMask = 2147483647;
			dstPath = /usr/share/man/man1/;
			dstSubfolderSpec = 0;
			files = (
				9525366915CFC51A0059F9E3 /* TBTypedArrayExample.1 in CopyFiles */,
			);
			runOnlyForDeploymentPostprocessing = 1;
		};
/* End PBXCopyFilesBuildPhase section */

/* Begin PBXFileReference section */
		9525365D15CFC51A0059F9E3 /* TBTypedArrayExample */ = {isa = PBXFileReference; explicitFileType = "compiled.mach-o.executable"; includeInIndex = 0; path = TBTypedArrayExample; sourceTree = BUILT_PRODUCTS_DIR; };
		9525366115CFC51A0059F9E3 /* Foundation.framework */ = {isa = PBXFileReference; lastKnownFileType = wrapper.framework; name = Foundation.framework; path = System/Library/Frameworks/Foundation.framework; sourceTree = SDKROOT; };
		9525366415CFC51A0059F9E3 /* main.m */ = {isa = PBXFileReference; lastKnownFileType = sourcecode.c.objc; path = main.m; sourceTree = "<group>"; };
		9525366715CFC51A0059F9E3 /* TBTypedArrayExample-Prefix.pch */ = {isa = PBXFileReference; lastKnownFileType = sourcecode.c.h; path = "TBTypedArrayExample-Prefix.pch"; sourceTree = "<group>"; };
		9525366815CFC51A0059F9E3 /* TBTypedArrayExample.1 */ = {isa = PBXFileReference; lastKnownFileType = text.man; path = TBTypedArrayExample.1; sourceTree = "<group>"; };
		9525367615CFC5610059F9E3 /* TBTypedArray.h */ = {isa = PBXFileReference; lastKnownFileType = sourcecode.c.h; path = TBTypedArray.h; sourceTree = "<group>"; };
		9525367715CFC5610059F9E3 /* TBTypedArray.m */ = {isa = PBXFileReference; lastKnownFileType = sourcecode.c.objc; path = TBTypedArray.m; sourceTree = "<group>"; };
		9525367815CFC5610059F9E3 /* TBMutableTypedArray.h */ = {isa = PBXFileReference; lastKnownFileType = sourcecode.c.h; path = TBMutableTypedArray.h; sourceTree = "<group>"; };
		9525367915CFC5610059F9E3 /* TBMutableTypedArray.m */ = {isa = PBXFileReference; lastKnownFileType = sourcecode.c.objc; path = TBMutableTypedArray.m; sourceTree = "<group>"; };
/* End PBXFileReference section */

/* Begin PBXFrameworksBuildPhase section */
		9525365A15CFC51A0059F9E3 /* Frameworks */ = {
			isa = PBXFrameworksBuildPhase;
			buildActionMask = 2147483647;
			files = (
				9525366215CFC51A0059F9E3 /* Foundation.framework in Frameworks */,
			);
			runOnlyForDeploymentPostprocessing = 0;
		};
/* End PBXFrameworksBuildPhase section */

/* Begin PBXGroup section */
		9525365215CFC51A0059F9E3 = {
			isa = PBXGroup;
			children = (
				9525366315CFC51A0059F9E3 /* TBTypedArrayExample */,
				9525366015CFC51A0059F9E3 /* Frameworks */,
				9525365E15CFC51A0059F9E3 /* Products */,
			);
			sourceTree = "<group>";
		};
		9525365E15CFC51A0059F9E3 /* Products */ = {
			isa = PBXGroup;
			children = (
				9525365D15CFC51A0059F9E3 /* TBTypedArrayExample */,
			);
			name = Products;
			sourceTree = "<group>";
		};
		9525366015CFC51A0059F9E3 /* Frameworks */ = {
			isa = PBXGroup;
			children = (
				9525366115CFC51A0059F9E3 /* Foundation.framework */,
			);
			name = Frameworks;
			sourceTree = "<group>";
		};
		9525366315CFC51A0059F9E3 /* TBTypedArrayExample */ = {
			isa = PBXGroup;
			children = (
				9525366415CFC51A0059F9E3 /* main.m */,
				9525366815CFC51A0059F9E3 /* TBTypedArrayExample.1 */,
				9525367415CFC5570059F9E3 /* TBTypedArray */,
				9525366615CFC51A0059F9E3 /* Supporting Files */,
			);
			path = TBTypedArrayExample;
			sourceTree = "<group>";
		};
		9525366615CFC51A0059F9E3 /* Supporting Files */ = {
			isa = PBXGroup;
			children = (
				9525366715CFC51A0059F9E3 /* TBTypedArrayExample-Prefix.pch */,
			);
			name = "Supporting Files";
			sourceTree = "<group>";
		};
		9525367415CFC5570059F9E3 /* TBTypedArray */ = {
			isa = PBXGroup;
			children = (
				9525367615CFC5610059F9E3 /* TBTypedArray.h */,
				9525367715CFC5610059F9E3 /* TBTypedArray.m */,
				9525367815CFC5610059F9E3 /* TBMutableTypedArray.h */,
				9525367915CFC5610059F9E3 /* TBMutableTypedArray.m */,
			);
			path = TBTypedArray;
			sourceTree = "<group>";
		};
/* End PBXGroup section */

/* Begin PBXNativeTarget section */
		9525365C15CFC51A0059F9E3 /* TBTypedArrayExample */ = {
			isa = PBXNativeTarget;
			buildConfigurationList = 9525366C15CFC51A0059F9E3 /* Build configuration list for PBXNativeTarget "TBTypedArrayExample" */;
			buildPhases = (
				9525365915CFC51A0059F9E3 /* Sources */,
				9525365A15CFC51A0059F9E3 /* Frameworks */,
				9525365B15CFC51A0059F9E3 /* CopyFiles */,
			);
			buildRules = (
			);
			dependencies = (
			);
			name = TBTypedArrayExample;
			productName = TBTypedArrayExample;
			productReference = 9525365D15CFC51A0059F9E3 /* TBTypedArrayExample */;
			productType = "com.apple.product-type.tool";
		};
/* End PBXNativeTarget section */

/* Begin PBXProject section */
		9525365415CFC51A0059F9E3 /* Project object */ = {
			isa = PBXProject;
			attributes = {
				LastUpgradeCheck = 0430;
				ORGANIZATIONNAME = "buffer Renaiss";
			};
			buildConfigurationList = 9525365715CFC51A0059F9E3 /* Build configuration list for PBXProject "TBTypedArrayExample" */;
			compatibilityVersion = "Xcode 3.2";
			developmentRegion = English;
			hasScannedForEncodings = 0;
			knownRegions = (
				en,
			);
			mainGroup = 9525365215CFC51A0059F9E3;
			productRefGroup = 9525365E15CFC51A0059F9E3 /* Products */;
			projectDirPath = "";
			projectRoot = "";
			targets = (
				9525365C15CFC51A0059F9E3 /* TBTypedArrayExample */,
			);
		};
/* End PBXProject section */

/* Begin PBXSourcesBuildPhase section */
		9525365915CFC51A0059F9E3 /* Sources */ = {
			isa = PBXSourcesBuildPhase;
			buildActionMask = 2147483647;
			files = (
				9525366515CFC51A0059F9E3 /* main.m in Sources */,
				9525367A15CFC6260059F9E3 /* TBTypedArray.m in Sources */,
				9525367B15CFC6280059F9E3 /* TBMutableTypedArray.m in Sources */,
			);
			runOnlyForDeploymentPostprocessing = 0;
		};
/* End PBXSourcesBuildPhase section */

/* Begin XCBuildConfiguration section */
		9525366A15CFC51A0059F9E3 /* Debug */ = {
			isa = XCBuildConfiguration;
			buildSettings = {
				ALWAYS_SEARCH_USER_PATHS = NO;
				ARCHS = "$(ARCHS_STANDARD_64_BIT)";
				COPY_PHASE_STRIP = NO;
				GCC_C_LANGUAGE_STANDARD = gnu99;
				GCC_DYNAMIC_NO_PIC = NO;
				GCC_ENABLE_OBJC_EXCEPTIONS = YES;
				GCC_OPTIMIZATION_LEVEL = 0;
				GCC_PREPROCESSOR_DEFINITIONS = (
					"DEBUG=1",
					"$(inherited)",
				);
				GCC_SYMBOLS_PRIVATE_EXTERN = NO;
				GCC_VERSION = com.apple.compilers.llvm.clang.1_0;
				GCC_WARN_64_TO_32_BIT_CONVERSION = YES;
				GCC_WARN_ABOUT_RETURN_TYPE = YES;
				GCC_WARN_UNINITIALIZED_AUTOS = YES;
				GCC_WARN_UNUSED_VARIABLE = YES;
				MACOSX_DEPLOYMENT_TARGET = 10.7;
				ONLY_ACTIVE_ARCH = YES;
				SDKROOT = macosx;
			};
			name = Debug;
		};
		9525366B15CFC51A0059F9E3 /* Release */ = {
			isa = XCBuildConfiguration;
			buildSettings = {
				ALWAYS_SEARCH_USER_PATHS = NO;
				ARCHS = "$(ARCHS_STANDARD_64_BIT)";
				COPY_PHASE_STRIP = YES;
				DEBUG_INFORMATION_FORMAT = "dwarf-with-dsym";
				GCC_C_LANGUAGE_STANDARD = gnu99;
				GCC_ENABLE_OBJC_EXCEPTIONS = YES;
				GCC_VERSION = com.apple.compilers.llvm.clang.1_0;
				GCC_WARN_64_TO_32_BIT_CONVERSION = YES;
				GCC_WARN_ABOUT_RETURN_TYPE = YES;
				GCC_WARN_UNINITIALIZED_AUTOS = YES;
				GCC_WARN_UNUSED_VARIABLE = YES;
				MACOSX_DEPLOYMENT_TARGET = 10.7;
				SDKROOT = macosx;
			};
			name = Release;
		};
		9525366D15CFC51A0059F9E3 /* Debug */ = {
			isa = XCBuildConfiguration;
			buildSettings = {
				GCC_PRECOMPILE_PREFIX_HEADER = YES;
				GCC_PREFIX_HEADER = "TBTypedArrayExample/TBTypedArrayExample-Prefix.pch";
				PRODUCT_NAME = "$(TARGET_NAME)";
			};
			name = Debug;
		};
		9525366E15CFC51A0059F9E3 /* Release */ = {
			isa = XCBuildConfiguration;
			buildSettings = {
				GCC_PRECOMPILE_PREFIX_HEADER = YES;
				GCC_PREFIX_HEADER = "TBTypedArrayExample/TBTypedArrayExample-Prefix.pch";
				PRODUCT_NAME = "$(TARGET_NAME)";
			};
			name = Release;
		};
/* End XCBuildConfiguration section */

/* Begin XCConfigurationList section */
		9525365715CFC51A0059F9E3 /* Build configuration list for PBXProject "TBTypedArrayExample" */ = {
			isa = XCConfigurationList;
			buildConfigurations = (
				9525366A15CFC51A0059F9E3 /* Debug */,
				9525366B15CFC51A0059F9E3 /* Release */,
			);
			defaultConfigurationIsVisible = 0;
			defaultConfigurationName = Release;
		};
		9525366C15CFC51A0059F9E3 /* Build configuration list for PBXNativeTarget "TBTypedArrayExample" */ = {
			isa = XCConfigurationList;
			buildConfigurations = (
				9525366D15CFC51A0059F9E3 /* Debug */,
				9525366E15CFC51A0059F9E3 /* Release */,
			);
			defaultConfigurationIsVisible = 0;
			defaultConfigurationName = Release;
		};
/* End XCConfigurationList section */
	};
	rootObject = 9525365415CFC51A0059F9E3 /* Project object */;
}
